
Microsoft Visual Studio Solution File, Format Version 12.00
# Visual Studio Version 17
VisualStudioVersion = 17.10.35027.167
MinimumVisualStudioVersion = 10.0.40219.1
Project("{9A19103F-16F7-4668-BE54-9A1E7A4F7556}") = "ModifiedCrudApp", "ModifiedCrudApp\ModifiedCrudApp.csproj", "{206A44B5-2A79-4DD2-823E-C9554237CAB7}"
EndProject
Global
	GlobalSection(SolutionConfigurationPlatforms) = preSolution
		Debug|Any CPU = Debug|Any CPU
		Release|Any CPU = Release|Any CPU
	EndGlobalSection
	GlobalSection(ProjectConfigurationPlatforms) = postSolution
		{206A44B5-2A79-4DD2-823E-C9554237CAB7}.Debug|Any CPU.ActiveCfg = Debug|Any CPU
		{206A44B5-2A79-4DD2-823E-C9554237CAB7}.Debug|Any CPU.Build.0 = Debug|Any CPU
		{206A44B5-2A79-4DD2-823E-C9554237CAB7}.Release|Any CPU.ActiveCfg = Release|Any CPU
		{206A44B5-2A79-4DD2-823E-C9554237CAB7}.Release|Any CPU.Build.0 = Release|Any CPU
	EndGlobalSection
	GlobalSection(SolutionProperties) = preSolution
		HideSolutionNode = FALSE
	EndGlobalSection
	GlobalSection(ExtensibilityGlobals) = postSolution
		SolutionGuid = {2E0C403A-FD4C-4C79-9FF5-D6E9311012C0}
	EndGlobalSection
EndGlobal
